
Microsoft Visual Studio Solution File, Format Version 12.00
# Visual Studio Version 17
VisualStudioVersion = 17.0.32112.339
MinimumVisualStudioVersion = 10.0.40219.1
Project("{FAE04EC0-301F-11D3-BF4B-00C04F79EFBC}") = "Hex_Bin_Converter", "Hex_Bin_Converter\Hex_Bin_Converter.csproj", "{0C17324E-ED7F-4D45-AF92-D3240BEE7602}"
EndProject
Global
	GlobalSection(SolutionConfigurationPlatforms) = preSolution
		Debug|Any CPU = Debug|Any CPU
		Release|Any CPU = Release|Any CPU
	EndGlobalSection
	GlobalSection(ProjectConfigurationPlatforms) = postSolution
		{0C17324E-ED7F-4D45-AF92-D3240BEE7602}.Debug|Any CPU.ActiveCfg = Debug|Any CPU
		{0C17324E-ED7F-4D45-AF92-D3240BEE7602}.Debug|Any CPU.Build.0 = Debug|Any CPU
		{0C17324E-ED7F-4D45-AF92-D3240BEE7602}.Release|Any CPU.ActiveCfg = Release|Any CPU
		{0C17324E-ED7F-4D45-AF92-D3240BEE7602}.Release|Any CPU.Build.0 = Release|Any CPU
	EndGlobalSection
	GlobalSection(SolutionProperties) = preSolution
		HideSolutionNode = FALSE
	EndGlobalSection
	GlobalSection(ExtensibilityGlobals) = postSolution
		SolutionGuid = {BAB626AF-7848-49BF-9CBD-BFF07EE4DE6E}
	EndGlobalSection
EndGlobal
